// !$*UTF8*$!
{
	archiveVersion = 1;
	classes = {
	};
	objectVersion = 52;
	objects = {

/* Begin PBXBuildFile section */
		0E0527A9247FD84200991BE7 /* Alamofire in Frameworks */ = {isa = PBXBuildFile; productRef = 0E0527A8247FD84200991BE7 /* Alamofire */; };
		0E48A97924B474B9003E34C3 /* RxSwift in Frameworks */ = {isa = PBXBuildFile; productRef = 0E48A97824B474B9003E34C3 /* RxSwift */; };
		0E48A97B24B474DB003E34C3 /* RESTroom.framework in Frameworks */ = {isa = PBXBuildFile; fileRef = 0EEA4897240D4FEA0020F5A0 /* RESTroom.framework */; };
		0E48A97C24B474DB003E34C3 /* RESTroom.framework in Embed Frameworks */ = {isa = PBXBuildFile; fileRef = 0EEA4897240D4FEA0020F5A0 /* RESTroom.framework */; settings = {ATTRIBUTES = (CodeSignOnCopy, RemoveHeadersOnCopy, ); }; };
		0EB74444250ABE0B009D3FB4 /* JSONDataPreprocessor.swift in Sources */ = {isa = PBXBuildFile; fileRef = 0EB74443250ABE0B009D3FB4 /* JSONDataPreprocessor.swift */; };
		0EB8242225245D580070D778 /* ResponseValidator.swift in Sources */ = {isa = PBXBuildFile; fileRef = 0EB8242125245D580070D778 /* ResponseValidator.swift */; };
		0EB8246625247ACA0070D778 /* TestValidator.swift in Sources */ = {isa = PBXBuildFile; fileRef = 0EB8246525247ACA0070D778 /* TestValidator.swift */; };
		0EB8246A2524819F0070D778 /* ErrorMapper.swift in Sources */ = {isa = PBXBuildFile; fileRef = 0EB824692524819F0070D778 /* ErrorMapper.swift */; };
		0EC5D4AF24E2C3BB007187F2 /* APIClient.swift in Sources */ = {isa = PBXBuildFile; fileRef = 0EC5D4A824E2C3BB007187F2 /* APIClient.swift */; };
		0EC5D4B024E2C3BB007187F2 /* Response.swift in Sources */ = {isa = PBXBuildFile; fileRef = 0EC5D4A924E2C3BB007187F2 /* Response.swift */; };
		0EC5D4B124E2C3BB007187F2 /* APILogger.swift in Sources */ = {isa = PBXBuildFile; fileRef = 0EC5D4AA24E2C3BB007187F2 /* APILogger.swift */; };
		0EC5D4B224E2C3BC007187F2 /* URL+Extensions.swift in Sources */ = {isa = PBXBuildFile; fileRef = 0EC5D4AB24E2C3BB007187F2 /* URL+Extensions.swift */; };
		0EC5D4B424E2C3BC007187F2 /* Endpoint.swift in Sources */ = {isa = PBXBuildFile; fileRef = 0EC5D4AD24E2C3BB007187F2 /* Endpoint.swift */; };
		0EC5D4B924E2C3C4007187F2 /* RESTroom+Rx.swift in Sources */ = {isa = PBXBuildFile; fileRef = 0EC5D4B624E2C3C3007187F2 /* RESTroom+Rx.swift */; };
		0EC5D4C024E2C457007187F2 /* RESTroom.h in Headers */ = {isa = PBXBuildFile; fileRef = 0EC5D4BD24E2C443007187F2 /* RESTroom.h */; settings = {ATTRIBUTES = (Public, ); }; };
		0EC5D4C124E2C45D007187F2 /* RxRESTroom.h in Headers */ = {isa = PBXBuildFile; fileRef = 0EC5D4BE24E2C443007187F2 /* RxRESTroom.h */; settings = {ATTRIBUTES = (Public, ); }; };
		0EC7E77F24B48F1900196C48 /* Mocker in Frameworks */ = {isa = PBXBuildFile; productRef = 0EC7E77E24B48F1900196C48 /* Mocker */; };
		0EC7E78024B48F3000196C48 /* RxRESTroom.framework in Frameworks */ = {isa = PBXBuildFile; fileRef = 0E48A96D24B47409003E34C3 /* RxRESTroom.framework */; };
		0EC7E78224B48F5C00196C48 /* TestAPI.swift in Sources */ = {isa = PBXBuildFile; fileRef = 0EC7E78124B48F5C00196C48 /* TestAPI.swift */; };
		0EC7E78524B48F9F00196C48 /* Post.swift in Sources */ = {isa = PBXBuildFile; fileRef = 0EC7E78424B48F9F00196C48 /* Post.swift */; };
		0EEA48A1240D4FEB0020F5A0 /* RESTroom.framework in Frameworks */ = {isa = PBXBuildFile; fileRef = 0EEA4897240D4FEA0020F5A0 /* RESTroom.framework */; };
		0EEA48A6240D4FEB0020F5A0 /* RESTroomTests.swift in Sources */ = {isa = PBXBuildFile; fileRef = 0EEA48A5240D4FEB0020F5A0 /* RESTroomTests.swift */; };
/* End PBXBuildFile section */

/* Begin PBXContainerItemProxy section */
		0E48A97D24B474DB003E34C3 /* PBXContainerItemProxy */ = {
			isa = PBXContainerItemProxy;
			containerPortal = 0EEA488E240D4FEA0020F5A0 /* Project object */;
			proxyType = 1;
			remoteGlobalIDString = 0EEA4896240D4FEA0020F5A0;
			remoteInfo = RESTroom;
		};
		0EEA48A2240D4FEB0020F5A0 /* PBXContainerItemProxy */ = {
			isa = PBXContainerItemProxy;
			containerPortal = 0EEA488E240D4FEA0020F5A0 /* Project object */;
			proxyType = 1;
			remoteGlobalIDString = 0EEA4896240D4FEA0020F5A0;
			remoteInfo = RESTroom;
		};
/* End PBXContainerItemProxy section */

/* Begin PBXCopyFilesBuildPhase section */
		0E48A97F24B474DB003E34C3 /* Embed Frameworks */ = {
			isa = PBXCopyFilesBuildPhase;
			buildActionMask = 2147483647;
			dstPath = "";
			dstSubfolderSpec = 10;
			files = (
				0E48A97C24B474DB003E34C3 /* RESTroom.framework in Embed Frameworks */,
			);
			name = "Embed Frameworks";
			runOnlyForDeploymentPostprocessing = 0;
		};
/* End PBXCopyFilesBuildPhase section */

/* Begin PBXFileReference section */
		0E48A96D24B47409003E34C3 /* RxRESTroom.framework */ = {isa = PBXFileReference; explicitFileType = wrapper.framework; includeInIndex = 0; path = RxRESTroom.framework; sourceTree = BUILT_PRODUCTS_DIR; };
		0EB74443250ABE0B009D3FB4 /* JSONDataPreprocessor.swift */ = {isa = PBXFileReference; lastKnownFileType = sourcecode.swift; path = JSONDataPreprocessor.swift; sourceTree = "<group>"; };
		0EB8242125245D580070D778 /* ResponseValidator.swift */ = {isa = PBXFileReference; lastKnownFileType = sourcecode.swift; path = ResponseValidator.swift; sourceTree = "<group>"; };
		0EB8246525247ACA0070D778 /* TestValidator.swift */ = {isa = PBXFileReference; lastKnownFileType = sourcecode.swift; path = TestValidator.swift; sourceTree = "<group>"; };
		0EB824692524819F0070D778 /* ErrorMapper.swift */ = {isa = PBXFileReference; lastKnownFileType = sourcecode.swift; path = ErrorMapper.swift; sourceTree = "<group>"; };
		0EC5D4A824E2C3BB007187F2 /* APIClient.swift */ = {isa = PBXFileReference; fileEncoding = 4; lastKnownFileType = sourcecode.swift; path = APIClient.swift; sourceTree = "<group>"; };
		0EC5D4A924E2C3BB007187F2 /* Response.swift */ = {isa = PBXFileReference; fileEncoding = 4; lastKnownFileType = sourcecode.swift; path = Response.swift; sourceTree = "<group>"; };
		0EC5D4AA24E2C3BB007187F2 /* APILogger.swift */ = {isa = PBXFileReference; fileEncoding = 4; lastKnownFileType = sourcecode.swift; path = APILogger.swift; sourceTree = "<group>"; };
		0EC5D4AB24E2C3BB007187F2 /* URL+Extensions.swift */ = {isa = PBXFileReference; fileEncoding = 4; lastKnownFileType = sourcecode.swift; path = "URL+Extensions.swift"; sourceTree = "<group>"; };
		0EC5D4AD24E2C3BB007187F2 /* Endpoint.swift */ = {isa = PBXFileReference; fileEncoding = 4; lastKnownFileType = sourcecode.swift; path = Endpoint.swift; sourceTree = "<group>"; };
		0EC5D4B624E2C3C3007187F2 /* RESTroom+Rx.swift */ = {isa = PBXFileReference; fileEncoding = 4; lastKnownFileType = sourcecode.swift; path = "RESTroom+Rx.swift"; sourceTree = "<group>"; };
		0EC5D4BD24E2C443007187F2 /* RESTroom.h */ = {isa = PBXFileReference; lastKnownFileType = sourcecode.c.h; path = RESTroom.h; sourceTree = "<group>"; };
		0EC5D4BE24E2C443007187F2 /* RxRESTroom.h */ = {isa = PBXFileReference; lastKnownFileType = sourcecode.c.h; path = RxRESTroom.h; sourceTree = "<group>"; };
		0EC5D4BF24E2C443007187F2 /* Info.plist */ = {isa = PBXFileReference; lastKnownFileType = text.plist.xml; path = Info.plist; sourceTree = "<group>"; };
		0EC7E78124B48F5C00196C48 /* TestAPI.swift */ = {isa = PBXFileReference; lastKnownFileType = sourcecode.swift; path = TestAPI.swift; sourceTree = "<group>"; };
		0EC7E78424B48F9F00196C48 /* Post.swift */ = {isa = PBXFileReference; lastKnownFileType = sourcecode.swift; path = Post.swift; sourceTree = "<group>"; };
		0EEA4897240D4FEA0020F5A0 /* RESTroom.framework */ = {isa = PBXFileReference; explicitFileType = wrapper.framework; includeInIndex = 0; path = RESTroom.framework; sourceTree = BUILT_PRODUCTS_DIR; };
		0EEA48A0240D4FEB0020F5A0 /* RESTroomTests.xctest */ = {isa = PBXFileReference; explicitFileType = wrapper.cfbundle; includeInIndex = 0; path = RESTroomTests.xctest; sourceTree = BUILT_PRODUCTS_DIR; };
		0EEA48A5240D4FEB0020F5A0 /* RESTroomTests.swift */ = {isa = PBXFileReference; lastKnownFileType = sourcecode.swift; path = RESTroomTests.swift; sourceTree = "<group>"; };
		0EEA48A7240D4FEB0020F5A0 /* Info.plist */ = {isa = PBXFileReference; lastKnownFileType = text.plist.xml; path = Info.plist; sourceTree = "<group>"; };
/* End PBXFileReference section */

/* Begin PBXFrameworksBuildPhase section */
		0E48A96A24B47409003E34C3 /* Frameworks */ = {
			isa = PBXFrameworksBuildPhase;
			buildActionMask = 2147483647;
			files = (
				0E48A97924B474B9003E34C3 /* RxSwift in Frameworks */,
				0E48A97B24B474DB003E34C3 /* RESTroom.framework in Frameworks */,
			);
			runOnlyForDeploymentPostprocessing = 0;
		};
		0EEA4894240D4FEA0020F5A0 /* Frameworks */ = {
			isa = PBXFrameworksBuildPhase;
			buildActionMask = 2147483647;
			files = (
				0E0527A9247FD84200991BE7 /* Alamofire in Frameworks */,
			);
			runOnlyForDeploymentPostprocessing = 0;
		};
		0EEA489D240D4FEB0020F5A0 /* Frameworks */ = {
			isa = PBXFrameworksBuildPhase;
			buildActionMask = 2147483647;
			files = (
				0EEA48A1240D4FEB0020F5A0 /* RESTroom.framework in Frameworks */,
				0EC7E78024B48F3000196C48 /* RxRESTroom.framework in Frameworks */,
				0EC7E77F24B48F1900196C48 /* Mocker in Frameworks */,
			);
			runOnlyForDeploymentPostprocessing = 0;
		};
/* End PBXFrameworksBuildPhase section */

/* Begin PBXGroup section */
		0E48A97A24B474DB003E34C3 /* Frameworks */ = {
			isa = PBXGroup;
			children = (
			);
			name = Frameworks;
			sourceTree = "<group>";
		};
		0EC5D4A624E2C3BB007187F2 /* RESTroom */ = {
			isa = PBXGroup;
			children = (
				0EC5D4A824E2C3BB007187F2 /* APIClient.swift */,
				0EC5D4A924E2C3BB007187F2 /* Response.swift */,
				0EC5D4AA24E2C3BB007187F2 /* APILogger.swift */,
				0EC5D4AB24E2C3BB007187F2 /* URL+Extensions.swift */,
				0EC5D4AD24E2C3BB007187F2 /* Endpoint.swift */,
				0EB74443250ABE0B009D3FB4 /* JSONDataPreprocessor.swift */,
				0EB8242125245D580070D778 /* ResponseValidator.swift */,
				0EB824692524819F0070D778 /* ErrorMapper.swift */,
			);
			name = RESTroom;
			path = Sources/RESTroom;
			sourceTree = "<group>";
		};
		0EC5D4B524E2C3C3007187F2 /* RxRESTroom */ = {
			isa = PBXGroup;
			children = (
				0EC5D4B624E2C3C3007187F2 /* RESTroom+Rx.swift */,
			);
			name = RxRESTroom;
			path = Sources/RxRESTroom;
			sourceTree = "<group>";
		};
		0EC5D4BC24E2C443007187F2 /* Supporting Files */ = {
			isa = PBXGroup;
			children = (
				0EC5D4BD24E2C443007187F2 /* RESTroom.h */,
				0EC5D4BE24E2C443007187F2 /* RxRESTroom.h */,
				0EC5D4BF24E2C443007187F2 /* Info.plist */,
			);
			path = "Supporting Files";
			sourceTree = SOURCE_ROOT;
		};
		0EC7E78324B48F9700196C48 /* Model */ = {
			isa = PBXGroup;
			children = (
				0EC7E78424B48F9F00196C48 /* Post.swift */,
			);
			path = Model;
			sourceTree = "<group>";
		};
		0EEA488D240D4FEA0020F5A0 = {
			isa = PBXGroup;
			children = (
				0EC5D4A624E2C3BB007187F2 /* RESTroom */,
				0EC5D4B524E2C3C3007187F2 /* RxRESTroom */,
				0EC5D4BC24E2C443007187F2 /* Supporting Files */,
				0EEA48A4240D4FEB0020F5A0 /* RESTroomTests */,
				0EEA4898240D4FEA0020F5A0 /* Products */,
				0E48A97A24B474DB003E34C3 /* Frameworks */,
			);
			sourceTree = "<group>";
		};
		0EEA4898240D4FEA0020F5A0 /* Products */ = {
			isa = PBXGroup;
			children = (
				0EEA4897240D4FEA0020F5A0 /* RESTroom.framework */,
				0EEA48A0240D4FEB0020F5A0 /* RESTroomTests.xctest */,
				0E48A96D24B47409003E34C3 /* RxRESTroom.framework */,
			);
			name = Products;
			sourceTree = "<group>";
		};
		0EEA48A4240D4FEB0020F5A0 /* RESTroomTests */ = {
			isa = PBXGroup;
			children = (
				0EC7E78324B48F9700196C48 /* Model */,
				0EC7E78124B48F5C00196C48 /* TestAPI.swift */,
				0EEA48A5240D4FEB0020F5A0 /* RESTroomTests.swift */,
				0EEA48A7240D4FEB0020F5A0 /* Info.plist */,
				0EB8246525247ACA0070D778 /* TestValidator.swift */,
			);
			path = RESTroomTests;
			sourceTree = "<group>";
		};
/* End PBXGroup section */

/* Begin PBXHeadersBuildPhase section */
		0E48A96824B47409003E34C3 /* Headers */ = {
			isa = PBXHeadersBuildPhase;
			buildActionMask = 2147483647;
			files = (
				0EC5D4C124E2C45D007187F2 /* RxRESTroom.h in Headers */,
			);
			runOnlyForDeploymentPostprocessing = 0;
		};
		0EEA4892240D4FEA0020F5A0 /* Headers */ = {
			isa = PBXHeadersBuildPhase;
			buildActionMask = 2147483647;
			files = (
				0EC5D4C024E2C457007187F2 /* RESTroom.h in Headers */,
			);
			runOnlyForDeploymentPostprocessing = 0;
		};
/* End PBXHeadersBuildPhase section */

/* Begin PBXNativeTarget section */
		0E48A96C24B47409003E34C3 /* RxRESTroom */ = {
			isa = PBXNativeTarget;
			buildConfigurationList = 0E48A97224B47409003E34C3 /* Build configuration list for PBXNativeTarget "RxRESTroom" */;
			buildPhases = (
				0E48A96824B47409003E34C3 /* Headers */,
				0E48A96924B47409003E34C3 /* Sources */,
				0E48A96A24B47409003E34C3 /* Frameworks */,
				0E48A96B24B47409003E34C3 /* Resources */,
				0E48A97F24B474DB003E34C3 /* Embed Frameworks */,
			);
			buildRules = (
			);
			dependencies = (
				0E48A97E24B474DB003E34C3 /* PBXTargetDependency */,
			);
			name = RxRESTroom;
			packageProductDependencies = (
				0E48A97824B474B9003E34C3 /* RxSwift */,
			);
			productName = RxRESTroom;
			productReference = 0E48A96D24B47409003E34C3 /* RxRESTroom.framework */;
			productType = "com.apple.product-type.framework";
		};
		0EEA4896240D4FEA0020F5A0 /* RESTroom */ = {
			isa = PBXNativeTarget;
			buildConfigurationList = 0EEA48AB240D4FEB0020F5A0 /* Build configuration list for PBXNativeTarget "RESTroom" */;
			buildPhases = (
				0EEA4892240D4FEA0020F5A0 /* Headers */,
				0EEA4893240D4FEA0020F5A0 /* Sources */,
				0EEA4894240D4FEA0020F5A0 /* Frameworks */,
				0EEA4895240D4FEA0020F5A0 /* Resources */,
			);
			buildRules = (
			);
			dependencies = (
			);
			name = RESTroom;
			packageProductDependencies = (
				0E0527A8247FD84200991BE7 /* Alamofire */,
			);
			productName = RESTroom;
			productReference = 0EEA4897240D4FEA0020F5A0 /* RESTroom.framework */;
			productType = "com.apple.product-type.framework";
		};
		0EEA489F240D4FEB0020F5A0 /* RESTroomTests */ = {
			isa = PBXNativeTarget;
			buildConfigurationList = 0EEA48AE240D4FEB0020F5A0 /* Build configuration list for PBXNativeTarget "RESTroomTests" */;
			buildPhases = (
				0EEA489C240D4FEB0020F5A0 /* Sources */,
				0EEA489D240D4FEB0020F5A0 /* Frameworks */,
				0EEA489E240D4FEB0020F5A0 /* Resources */,
			);
			buildRules = (
			);
			dependencies = (
				0EEA48A3240D4FEB0020F5A0 /* PBXTargetDependency */,
			);
			name = RESTroomTests;
			packageProductDependencies = (
				0EC7E77E24B48F1900196C48 /* Mocker */,
			);
			productName = RESTroomTests;
			productReference = 0EEA48A0240D4FEB0020F5A0 /* RESTroomTests.xctest */;
			productType = "com.apple.product-type.bundle.unit-test";
		};
/* End PBXNativeTarget section */

/* Begin PBXProject section */
		0EEA488E240D4FEA0020F5A0 /* Project object */ = {
			isa = PBXProject;
			attributes = {
				LastSwiftUpdateCheck = 1120;
				LastUpgradeCheck = 1120;
				ORGANIZATIONNAME = Martindaum;
				TargetAttributes = {
					0E48A96C24B47409003E34C3 = {
						CreatedOnToolsVersion = 11.5;
						LastSwiftMigration = 1150;
					};
					0EEA4896240D4FEA0020F5A0 = {
						CreatedOnToolsVersion = 11.2.1;
						LastSwiftMigration = 1150;
					};
					0EEA489F240D4FEB0020F5A0 = {
						CreatedOnToolsVersion = 11.2.1;
					};
				};
			};
			buildConfigurationList = 0EEA4891240D4FEA0020F5A0 /* Build configuration list for PBXProject "RESTroom" */;
			compatibilityVersion = "Xcode 9.3";
			developmentRegion = en;
			hasScannedForEncodings = 0;
			knownRegions = (
				en,
				Base,
			);
			mainGroup = 0EEA488D240D4FEA0020F5A0;
			packageReferences = (
				0E0527A7247FD84200991BE7 /* XCRemoteSwiftPackageReference "Alamofire" */,
				0E48A97724B474B9003E34C3 /* XCRemoteSwiftPackageReference "RxSwift" */,
				0EC7E77D24B48F1900196C48 /* XCRemoteSwiftPackageReference "Mocker" */,
			);
			productRefGroup = 0EEA4898240D4FEA0020F5A0 /* Products */;
			projectDirPath = "";
			projectRoot = "";
			targets = (
				0EEA4896240D4FEA0020F5A0 /* RESTroom */,
				0E48A96C24B47409003E34C3 /* RxRESTroom */,
				0EEA489F240D4FEB0020F5A0 /* RESTroomTests */,
			);
		};
/* End PBXProject section */

/* Begin PBXResourcesBuildPhase section */
		0E48A96B24B47409003E34C3 /* Resources */ = {
			isa = PBXResourcesBuildPhase;
			buildActionMask = 2147483647;
			files = (
			);
			runOnlyForDeploymentPostprocessing = 0;
		};
		0EEA4895240D4FEA0020F5A0 /* Resources */ = {
			isa = PBXResourcesBuildPhase;
			buildActionMask = 2147483647;
			files = (
			);
			runOnlyForDeploymentPostprocessing = 0;
		};
		0EEA489E240D4FEB0020F5A0 /* Resources */ = {
			isa = PBXResourcesBuildPhase;
			buildActionMask = 2147483647;
			files = (
			);
			runOnlyForDeploymentPostprocessing = 0;
		};
/* End PBXResourcesBuildPhase section */

/* Begin PBXSourcesBuildPhase section */
		0E48A96924B47409003E34C3 /* Sources */ = {
			isa = PBXSourcesBuildPhase;
			buildActionMask = 2147483647;
			files = (
				0EC5D4B924E2C3C4007187F2 /* RESTroom+Rx.swift in Sources */,
			);
			runOnlyForDeploymentPostprocessing = 0;
		};
		0EEA4893240D4FEA0020F5A0 /* Sources */ = {
			isa = PBXSourcesBuildPhase;
			buildActionMask = 2147483647;
			files = (
				0EC5D4B124E2C3BB007187F2 /* APILogger.swift in Sources */,
				0EC5D4B224E2C3BC007187F2 /* URL+Extensions.swift in Sources */,
				0EC5D4B024E2C3BB007187F2 /* Response.swift in Sources */,
				0EB8246A2524819F0070D778 /* ErrorMapper.swift in Sources */,
				0EB8242225245D580070D778 /* ResponseValidator.swift in Sources */,
				0EC5D4AF24E2C3BB007187F2 /* APIClient.swift in Sources */,
				0EB74444250ABE0B009D3FB4 /* JSONDataPreprocessor.swift in Sources */,
				0EC5D4B424E2C3BC007187F2 /* Endpoint.swift in Sources */,
			);
			runOnlyForDeploymentPostprocessing = 0;
		};
		0EEA489C240D4FEB0020F5A0 /* Sources */ = {
			isa = PBXSourcesBuildPhase;
			buildActionMask = 2147483647;
			files = (
				0EB8246625247ACA0070D778 /* TestValidator.swift in Sources */,
				0EC7E78524B48F9F00196C48 /* Post.swift in Sources */,
				0EC7E78224B48F5C00196C48 /* TestAPI.swift in Sources */,
				0EEA48A6240D4FEB0020F5A0 /* RESTroomTests.swift in Sources */,
			);
			runOnlyForDeploymentPostprocessing = 0;
		};
/* End PBXSourcesBuildPhase section */

/* Begin PBXTargetDependency section */
		0E48A97E24B474DB003E34C3 /* PBXTargetDependency */ = {
			isa = PBXTargetDependency;
			target = 0EEA4896240D4FEA0020F5A0 /* RESTroom */;
			targetProxy = 0E48A97D24B474DB003E34C3 /* PBXContainerItemProxy */;
		};
		0EEA48A3240D4FEB0020F5A0 /* PBXTargetDependency */ = {
			isa = PBXTargetDependency;
			target = 0EEA4896240D4FEA0020F5A0 /* RESTroom */;
			targetProxy = 0EEA48A2240D4FEB0020F5A0 /* PBXContainerItemProxy */;
		};
/* End PBXTargetDependency section */

/* Begin XCBuildConfiguration section */
		0E48A97324B47409003E34C3 /* Debug */ = {
			isa = XCBuildConfiguration;
			buildSettings = {
				CLANG_ENABLE_MODULES = YES;
				CODE_SIGN_STYLE = Automatic;
				DEFINES_MODULE = YES;
				DEVELOPMENT_TEAM = ZEXELP28D3;
				DYLIB_COMPATIBILITY_VERSION = 1;
				DYLIB_CURRENT_VERSION = 1;
				DYLIB_INSTALL_NAME_BASE = "@rpath";
				INFOPLIST_FILE = "Supporting Files/Info.plist";
				INSTALL_PATH = "$(LOCAL_LIBRARY_DIR)/Frameworks";
				IPHONEOS_DEPLOYMENT_TARGET = 10.0;
				"IPHONEOS_DEPLOYMENT_TARGET[sdk=macosx*]" = 13.1;
				LD_RUNPATH_SEARCH_PATHS = (
					"$(inherited)",
					"@executable_path/Frameworks",
					"@loader_path/Frameworks",
				);
				MARKETING_VERSION = 1.1.1;
				PRODUCT_BUNDLE_IDENTIFIER = com.martindaum.RxRESTroom;
				PRODUCT_NAME = "$(TARGET_NAME:c99extidentifier)";
				SKIP_INSTALL = YES;
				SWIFT_OPTIMIZATION_LEVEL = "-Onone";
				SWIFT_VERSION = 5.0;
				TARGETED_DEVICE_FAMILY = "1,2";
			};
			name = Debug;
		};
		0E48A97424B47409003E34C3 /* Release */ = {
			isa = XCBuildConfiguration;
			buildSettings = {
				CLANG_ENABLE_MODULES = YES;
				CODE_SIGN_STYLE = Automatic;
				DEFINES_MODULE = YES;
				DEVELOPMENT_TEAM = ZEXELP28D3;
				DYLIB_COMPATIBILITY_VERSION = 1;
				DYLIB_CURRENT_VERSION = 1;
				DYLIB_INSTALL_NAME_BASE = "@rpath";
				INFOPLIST_FILE = "Supporting Files/Info.plist";
				INSTALL_PATH = "$(LOCAL_LIBRARY_DIR)/Frameworks";
				IPHONEOS_DEPLOYMENT_TARGET = 10.0;
				"IPHONEOS_DEPLOYMENT_TARGET[sdk=macosx*]" = 13.1;
				LD_RUNPATH_SEARCH_PATHS = (
					"$(inherited)",
					"@executable_path/Frameworks",
					"@loader_path/Frameworks",
				);
				MARKETING_VERSION = 1.1.1;
				PRODUCT_BUNDLE_IDENTIFIER = com.martindaum.RxRESTroom;
				PRODUCT_NAME = "$(TARGET_NAME:c99extidentifier)";
				SKIP_INSTALL = YES;
				SWIFT_VERSION = 5.0;
				TARGETED_DEVICE_FAMILY = "1,2";
			};
			name = Release;
		};
		0EEA48A9240D4FEB0020F5A0 /* Debug */ = {
			isa = XCBuildConfiguration;
			buildSettings = {
				ALWAYS_SEARCH_USER_PATHS = NO;
				CLANG_ANALYZER_NONNULL = YES;
				CLANG_ANALYZER_NUMBER_OBJECT_CONVERSION = YES_AGGRESSIVE;
				CLANG_CXX_LANGUAGE_STANDARD = "gnu++14";
				CLANG_CXX_LIBRARY = "libc++";
				CLANG_ENABLE_MODULES = YES;
				CLANG_ENABLE_OBJC_ARC = YES;
				CLANG_ENABLE_OBJC_WEAK = YES;
				CLANG_WARN_BLOCK_CAPTURE_AUTORELEASING = YES;
				CLANG_WARN_BOOL_CONVERSION = YES;
				CLANG_WARN_COMMA = YES;
				CLANG_WARN_CONSTANT_CONVERSION = YES;
				CLANG_WARN_DEPRECATED_OBJC_IMPLEMENTATIONS = YES;
				CLANG_WARN_DIRECT_OBJC_ISA_USAGE = YES_ERROR;
				CLANG_WARN_DOCUMENTATION_COMMENTS = YES;
				CLANG_WARN_EMPTY_BODY = YES;
				CLANG_WARN_ENUM_CONVERSION = YES;
				CLANG_WARN_INFINITE_RECURSION = YES;
				CLANG_WARN_INT_CONVERSION = YES;
				CLANG_WARN_NON_LITERAL_NULL_CONVERSION = YES;
				CLANG_WARN_OBJC_IMPLICIT_RETAIN_SELF = YES;
				CLANG_WARN_OBJC_LITERAL_CONVERSION = YES;
				CLANG_WARN_OBJC_ROOT_CLASS = YES_ERROR;
				CLANG_WARN_RANGE_LOOP_ANALYSIS = YES;
				CLANG_WARN_STRICT_PROTOTYPES = YES;
				CLANG_WARN_SUSPICIOUS_MOVE = YES;
				CLANG_WARN_UNGUARDED_AVAILABILITY = YES_AGGRESSIVE;
				CLANG_WARN_UNREACHABLE_CODE = YES;
				CLANG_WARN__DUPLICATE_METHOD_MATCH = YES;
				COPY_PHASE_STRIP = NO;
				CURRENT_PROJECT_VERSION = 1;
				DEBUG_INFORMATION_FORMAT = dwarf;
				ENABLE_STRICT_OBJC_MSGSEND = YES;
				ENABLE_TESTABILITY = YES;
				GCC_C_LANGUAGE_STANDARD = gnu11;
				GCC_DYNAMIC_NO_PIC = NO;
				GCC_NO_COMMON_BLOCKS = YES;
				GCC_OPTIMIZATION_LEVEL = 0;
				GCC_PREPROCESSOR_DEFINITIONS = (
					"DEBUG=1",
					"$(inherited)",
				);
				GCC_WARN_64_TO_32_BIT_CONVERSION = YES;
				GCC_WARN_ABOUT_RETURN_TYPE = YES_ERROR;
				GCC_WARN_UNDECLARED_SELECTOR = YES;
				GCC_WARN_UNINITIALIZED_AUTOS = YES_AGGRESSIVE;
				GCC_WARN_UNUSED_FUNCTION = YES;
				GCC_WARN_UNUSED_VARIABLE = YES;
				IPHONEOS_DEPLOYMENT_TARGET = 13.2;
				MTL_ENABLE_DEBUG_INFO = INCLUDE_SOURCE;
				MTL_FAST_MATH = YES;
				ONLY_ACTIVE_ARCH = YES;
				SDKROOT = iphoneos;
				SWIFT_ACTIVE_COMPILATION_CONDITIONS = DEBUG;
				SWIFT_OPTIMIZATION_LEVEL = "-Onone";
				VERSIONING_SYSTEM = "apple-generic";
				VERSION_INFO_PREFIX = "";
			};
			name = Debug;
		};
		0EEA48AA240D4FEB0020F5A0 /* Release */ = {
			isa = XCBuildConfiguration;
			buildSettings = {
				ALWAYS_SEARCH_USER_PATHS = NO;
				CLANG_ANALYZER_NONNULL = YES;
				CLANG_ANALYZER_NUMBER_OBJECT_CONVERSION = YES_AGGRESSIVE;
				CLANG_CXX_LANGUAGE_STANDARD = "gnu++14";
				CLANG_CXX_LIBRARY = "libc++";
				CLANG_ENABLE_MODULES = YES;
				CLANG_ENABLE_OBJC_ARC = YES;
				CLANG_ENABLE_OBJC_WEAK = YES;
				CLANG_WARN_BLOCK_CAPTURE_AUTORELEASING = YES;
				CLANG_WARN_BOOL_CONVERSION = YES;
				CLANG_WARN_COMMA = YES;
				CLANG_WARN_CONSTANT_CONVERSION = YES;
				CLANG_WARN_DEPRECATED_OBJC_IMPLEMENTATIONS = YES;
				CLANG_WARN_DIRECT_OBJC_ISA_USAGE = YES_ERROR;
				CLANG_WARN_DOCUMENTATION_COMMENTS = YES;
				CLANG_WARN_EMPTY_BODY = YES;
				CLANG_WARN_ENUM_CONVERSION = YES;
				CLANG_WARN_INFINITE_RECURSION = YES;
				CLANG_WARN_INT_CONVERSION = YES;
				CLANG_WARN_NON_LITERAL_NULL_CONVERSION = YES;
				CLANG_WARN_OBJC_IMPLICIT_RETAIN_SELF = YES;
				CLANG_WARN_OBJC_LITERAL_CONVERSION = YES;
				CLANG_WARN_OBJC_ROOT_CLASS = YES_ERROR;
				CLANG_WARN_RANGE_LOOP_ANALYSIS = YES;
				CLANG_WARN_STRICT_PROTOTYPES = YES;
				CLANG_WARN_SUSPICIOUS_MOVE = YES;
				CLANG_WARN_UNGUARDED_AVAILABILITY = YES_AGGRESSIVE;
				CLANG_WARN_UNREACHABLE_CODE = YES;
				CLANG_WARN__DUPLICATE_METHOD_MATCH = YES;
				COPY_PHASE_STRIP = NO;
				CURRENT_PROJECT_VERSION = 1;
				DEBUG_INFORMATION_FORMAT = "dwarf-with-dsym";
				ENABLE_NS_ASSERTIONS = NO;
				ENABLE_STRICT_OBJC_MSGSEND = YES;
				GCC_C_LANGUAGE_STANDARD = gnu11;
				GCC_NO_COMMON_BLOCKS = YES;
				GCC_WARN_64_TO_32_BIT_CONVERSION = YES;
				GCC_WARN_ABOUT_RETURN_TYPE = YES_ERROR;
				GCC_WARN_UNDECLARED_SELECTOR = YES;
				GCC_WARN_UNINITIALIZED_AUTOS = YES_AGGRESSIVE;
				GCC_WARN_UNUSED_FUNCTION = YES;
				GCC_WARN_UNUSED_VARIABLE = YES;
				IPHONEOS_DEPLOYMENT_TARGET = 13.2;
				MTL_ENABLE_DEBUG_INFO = NO;
				MTL_FAST_MATH = YES;
				SDKROOT = iphoneos;
				SWIFT_COMPILATION_MODE = wholemodule;
				SWIFT_OPTIMIZATION_LEVEL = "-O";
				VALIDATE_PRODUCT = YES;
				VERSIONING_SYSTEM = "apple-generic";
				VERSION_INFO_PREFIX = "";
			};
			name = Release;
		};
		0EEA48AC240D4FEB0020F5A0 /* Debug */ = {
			isa = XCBuildConfiguration;
			buildSettings = {
				CLANG_ENABLE_MODULES = YES;
				CODE_SIGN_STYLE = Automatic;
				DEFINES_MODULE = YES;
				DEVELOPMENT_TEAM = ZEXELP28D3;
				DYLIB_COMPATIBILITY_VERSION = 1;
				DYLIB_CURRENT_VERSION = 1;
				DYLIB_INSTALL_NAME_BASE = "@rpath";
				INFOPLIST_FILE = "Supporting Files/Info.plist";
				INSTALL_PATH = "$(LOCAL_LIBRARY_DIR)/Frameworks";
				IPHONEOS_DEPLOYMENT_TARGET = 10.0;
				LD_RUNPATH_SEARCH_PATHS = (
					"$(inherited)",
					"@executable_path/Frameworks",
					"@loader_path/Frameworks",
				);
				MARKETING_VERSION = 1.1.1;
				PRODUCT_BUNDLE_IDENTIFIER = com.martindaum.RESTroom;
				PRODUCT_NAME = "$(TARGET_NAME:c99extidentifier)";
				SKIP_INSTALL = YES;
				SWIFT_OPTIMIZATION_LEVEL = "-Onone";
				SWIFT_VERSION = 5.0;
				TARGETED_DEVICE_FAMILY = "1,2";
			};
			name = Debug;
		};
		0EEA48AD240D4FEB0020F5A0 /* Release */ = {
			isa = XCBuildConfiguration;
			buildSettings = {
				CLANG_ENABLE_MODULES = YES;
				CODE_SIGN_STYLE = Automatic;
				DEFINES_MODULE = YES;
				DEVELOPMENT_TEAM = ZEXELP28D3;
				DYLIB_COMPATIBILITY_VERSION = 1;
				DYLIB_CURRENT_VERSION = 1;
				DYLIB_INSTALL_NAME_BASE = "@rpath";
				INFOPLIST_FILE = "Supporting Files/Info.plist";
				INSTALL_PATH = "$(LOCAL_LIBRARY_DIR)/Frameworks";
				IPHONEOS_DEPLOYMENT_TARGET = 10.0;
				LD_RUNPATH_SEARCH_PATHS = (
					"$(inherited)",
					"@executable_path/Frameworks",
					"@loader_path/Frameworks",
				);
				MARKETING_VERSION = 1.1.1;
				PRODUCT_BUNDLE_IDENTIFIER = com.martindaum.RESTroom;
				PRODUCT_NAME = "$(TARGET_NAME:c99extidentifier)";
				SKIP_INSTALL = YES;
				SWIFT_VERSION = 5.0;
				TARGETED_DEVICE_FAMILY = "1,2";
			};
			name = Release;
		};
		0EEA48AF240D4FEB0020F5A0 /* Debug */ = {
			isa = XCBuildConfiguration;
			buildSettings = {
				ALWAYS_EMBED_SWIFT_STANDARD_LIBRARIES = YES;
				CODE_SIGN_STYLE = Automatic;
				DEVELOPMENT_TEAM = ZEXELP28D3;
				INFOPLIST_FILE = RESTroomTests/Info.plist;
				LD_RUNPATH_SEARCH_PATHS = (
					"$(inherited)",
					"@executable_path/Frameworks",
					"@loader_path/Frameworks",
				);
				PRODUCT_BUNDLE_IDENTIFIER = com.martindaum.RESTroomTests;
				PRODUCT_NAME = "$(TARGET_NAME)";
				SWIFT_VERSION = 5.0;
				TARGETED_DEVICE_FAMILY = "1,2";
			};
			name = Debug;
		};
		0EEA48B0240D4FEB0020F5A0 /* Release */ = {
			isa = XCBuildConfiguration;
			buildSettings = {
				ALWAYS_EMBED_SWIFT_STANDARD_LIBRARIES = YES;
				CODE_SIGN_STYLE = Automatic;
				DEVELOPMENT_TEAM = ZEXELP28D3;
				INFOPLIST_FILE = RESTroomTests/Info.plist;
				LD_RUNPATH_SEARCH_PATHS = (
					"$(inherited)",
					"@executable_path/Frameworks",
					"@loader_path/Frameworks",
				);
				PRODUCT_BUNDLE_IDENTIFIER = com.martindaum.RESTroomTests;
				PRODUCT_NAME = "$(TARGET_NAME)";
				SWIFT_VERSION = 5.0;
				TARGETED_DEVICE_FAMILY = "1,2";
			};
			name = Release;
		};
/* End XCBuildConfiguration section */

/* Begin XCConfigurationList section */
		0E48A97224B47409003E34C3 /* Build configuration list for PBXNativeTarget "RxRESTroom" */ = {
			isa = XCConfigurationList;
			buildConfigurations = (
				0E48A97324B47409003E34C3 /* Debug */,
				0E48A97424B47409003E34C3 /* Release */,
			);
			defaultConfigurationIsVisible = 0;
			defaultConfigurationName = Release;
		};
		0EEA4891240D4FEA0020F5A0 /* Build configuration list for PBXProject "RESTroom" */ = {
			isa = XCConfigurationList;
			buildConfigurations = (
				0EEA48A9240D4FEB0020F5A0 /* Debug */,
				0EEA48AA240D4FEB0020F5A0 /* Release */,
			);
			defaultConfigurationIsVisible = 0;
			defaultConfigurationName = Release;
		};
		0EEA48AB240D4FEB0020F5A0 /* Build configuration list for PBXNativeTarget "RESTroom" */ = {
			isa = XCConfigurationList;
			buildConfigurations = (
				0EEA48AC240D4FEB0020F5A0 /* Debug */,
				0EEA48AD240D4FEB0020F5A0 /* Release */,
			);
			defaultConfigurationIsVisible = 0;
			defaultConfigurationName = Release;
		};
		0EEA48AE240D4FEB0020F5A0 /* Build configuration list for PBXNativeTarget "RESTroomTests" */ = {
			isa = XCConfigurationList;
			buildConfigurations = (
				0EEA48AF240D4FEB0020F5A0 /* Debug */,
				0EEA48B0240D4FEB0020F5A0 /* Release */,
			);
			defaultConfigurationIsVisible = 0;
			defaultConfigurationName = Release;
		};
/* End XCConfigurationList section */

/* Begin XCRemoteSwiftPackageReference section */
		0E0527A7247FD84200991BE7 /* XCRemoteSwiftPackageReference "Alamofire" */ = {
			isa = XCRemoteSwiftPackageReference;
			repositoryURL = "https://github.com/Alamofire/Alamofire";
			requirement = {
				kind = upToNextMajorVersion;
				minimumVersion = 5.0.0;
			};
		};
		0E48A97724B474B9003E34C3 /* XCRemoteSwiftPackageReference "RxSwift" */ = {
			isa = XCRemoteSwiftPackageReference;
			repositoryURL = "https://github.com/ReactiveX/RxSwift";
			requirement = {
				kind = upToNextMajorVersion;
				minimumVersion = 5.1.1;
			};
		};
		0EC7E77D24B48F1900196C48 /* XCRemoteSwiftPackageReference "Mocker" */ = {
			isa = XCRemoteSwiftPackageReference;
			repositoryURL = "https://github.com/WeTransfer/Mocker";
			requirement = {
				kind = upToNextMajorVersion;
				minimumVersion = 2.3.0;
			};
		};
/* End XCRemoteSwiftPackageReference section */

/* Begin XCSwiftPackageProductDependency section */
		0E0527A8247FD84200991BE7 /* Alamofire */ = {
			isa = XCSwiftPackageProductDependency;
			package = 0E0527A7247FD84200991BE7 /* XCRemoteSwiftPackageReference "Alamofire" */;
			productName = Alamofire;
		};
		0E48A97824B474B9003E34C3 /* RxSwift */ = {
			isa = XCSwiftPackageProductDependency;
			package = 0E48A97724B474B9003E34C3 /* XCRemoteSwiftPackageReference "RxSwift" */;
			productName = RxSwift;
		};
		0EC7E77E24B48F1900196C48 /* Mocker */ = {
			isa = XCSwiftPackageProductDependency;
			package = 0EC7E77D24B48F1900196C48 /* XCRemoteSwiftPackageReference "Mocker" */;
			productName = Mocker;
		};
/* End XCSwiftPackageProductDependency section */
	};
	rootObject = 0EEA488E240D4FEA0020F5A0 /* Project object */;
}
